
Microsoft Visual Studio Solution File, Format Version 12.00
# Visual Studio 15
VisualStudioVersion = 15.0.27703.2047
MinimumVisualStudioVersion = 10.0.40219.1
Project("{FAE04EC0-301F-11D3-BF4B-00C04F79EFBC}") = "WebApplication1", "WebApplication1\WebApplication1.csproj", "{FB65BA66-45B2-482B-B7EF-A1829BEA902C}"
EndProject
Global
	GlobalSection(SolutionConfigurationPlatforms) = preSolution
		Debug|Any CPU = Debug|Any CPU
		Release|Any CPU = Release|Any CPU
	EndGlobalSection
	GlobalSection(ProjectConfigurationPlatforms) = postSolution
		{FB65BA66-45B2-482B-B7EF-A1829BEA902C}.Debug|Any CPU.ActiveCfg = Debug|Any CPU
		{FB65BA66-45B2-482B-B7EF-A1829BEA902C}.Debug|Any CPU.Build.0 = Debug|Any CPU
		{FB65BA66-45B2-482B-B7EF-A1829BEA902C}.Release|Any CPU.ActiveCfg = Release|Any CPU
		{FB65BA66-45B2-482B-B7EF-A1829BEA902C}.Release|Any CPU.Build.0 = Release|Any CPU
	EndGlobalSection
	GlobalSection(SolutionProperties) = preSolution
		HideSolutionNode = FALSE
	EndGlobalSection
	GlobalSection(ExtensibilityGlobals) = postSolution
		SolutionGuid = {9C207841-6CBA-43CE-86EC-5545999ACA7D}
	EndGlobalSection
EndGlobal
